// !$*UTF8*$!
{
	archiveVersion = 1;
	classes = {
	};
	objectVersion = 56;
	objects = {

/* Begin PBXBuildFile section */
		AA11000000000000000001AB /* main.swift in Sources */ = {isa = PBXBuildFile; fileRef = AA10000000000000000001AB /* main.swift */; };
		AA11000000000000000002AB /* AppDelegate.swift in Sources */ = {isa = PBXBuildFile; fileRef = AA10000000000000000002AB /* AppDelegate.swift */; };
		AA11000000000000000003AB /* TrashMonitor.swift in Sources */ = {isa = PBXBuildFile; fileRef = AA10000000000000000003AB /* TrashMonitor.swift */; };
		AA11000000000000000004AB /* AppFilesFinder.swift in Sources */ = {isa = PBXBuildFile; fileRef = AA10000000000000000004AB /* AppFilesFinder.swift */; };
		AA11000000000000000005AB /* CleanupWindowController.swift in Sources */ = {isa = PBXBuildFile; fileRef = AA10000000000000000005AB /* CleanupWindowController.swift */; };
		AA11000000000000000006AB /* PermissionsManager.swift in Sources */ = {isa = PBXBuildFile; fileRef = AA10000000000000000006AB /* PermissionsManager.swift */; };
		AA11000000000000000007AB /* LoginItemManager.swift in Sources */ = {isa = PBXBuildFile; fileRef = AA10000000000000000007AB /* LoginItemManager.swift */; };
		AA11000000000000000008AB /* ServiceManagement.framework in Frameworks */ = {isa = PBXBuildFile; fileRef = AA10000000000000000008AB /* ServiceManagement.framework */; };
		AA1100000000000000000BAB /* Assets.xcassets in Resources */ = {isa = PBXBuildFile; fileRef = AA1000000000000000000BAB /* Assets.xcassets */; };
/* End PBXBuildFile section */

/* Begin PBXFileReference section */
		AA10000000000000000000AB /* AppClaw.app */ = {isa = PBXFileReference; explicitFileType = wrapper.application; includeInIndex = 0; path = AppClaw.app; sourceTree = BUILT_PRODUCTS_DIR; };
		AA10000000000000000001AB /* main.swift */ = {isa = PBXFileReference; lastKnownFileType = sourcecode.swift; path = main.swift; sourceTree = "<group>"; };
		AA10000000000000000002AB /* AppDelegate.swift */ = {isa = PBXFileReference; lastKnownFileType = sourcecode.swift; path = AppDelegate.swift; sourceTree = "<group>"; };
		AA10000000000000000003AB /* TrashMonitor.swift */ = {isa = PBXFileReference; lastKnownFileType = sourcecode.swift; path = TrashMonitor.swift; sourceTree = "<group>"; };
		AA10000000000000000004AB /* AppFilesFinder.swift */ = {isa = PBXFileReference; lastKnownFileType = sourcecode.swift; path = AppFilesFinder.swift; sourceTree = "<group>"; };
		AA10000000000000000005AB /* CleanupWindowController.swift */ = {isa = PBXFileReference; lastKnownFileType = sourcecode.swift; path = CleanupWindowController.swift; sourceTree = "<group>"; };
		AA10000000000000000006AB /* PermissionsManager.swift */ = {isa = PBXFileReference; lastKnownFileType = sourcecode.swift; path = PermissionsManager.swift; sourceTree = "<group>"; };
		AA10000000000000000007AB /* LoginItemManager.swift */ = {isa = PBXFileReference; lastKnownFileType = sourcecode.swift; path = LoginItemManager.swift; sourceTree = "<group>"; };
		AA10000000000000000008AB /* ServiceManagement.framework */ = {isa = PBXFileReference; lastKnownFileType = wrapper.framework; name = ServiceManagement.framework; path = System/Library/Frameworks/ServiceManagement.framework; sourceTree = SDKROOT; };
		AA10000000000000000009AB /* Info.plist */ = {isa = PBXFileReference; lastKnownFileType = text.plist.xml; path = Info.plist; sourceTree = "<group>"; };
		AA1000000000000000000AAB /* AppClaw.entitlements */ = {isa = PBXFileReference; lastKnownFileType = text.plist.entitlements; path = AppClaw.entitlements; sourceTree = "<group>"; };
		AA1000000000000000000BAB /* Assets.xcassets */ = {isa = PBXFileReference; lastKnownFileType = folder.assetcatalog; path = Assets.xcassets; sourceTree = "<group>"; };
/* End PBXFileReference section */

/* Begin PBXFrameworksBuildPhase section */
		AA20000000000000000001AB /* Frameworks */ = {
			isa = PBXFrameworksBuildPhase;
			buildActionMask = 2147483647;
			files = (
				AA11000000000000000008AB /* ServiceManagement.framework in Frameworks */,
			);
			runOnlyForDeploymentPostprocessing = 0;
		};
/* End PBXFrameworksBuildPhase section */

/* Begin PBXGroup section */
		AA30000000000000000001AB = {
			isa = PBXGroup;
			children = (
				AA30000000000000000002AB /* Sources */,
				AA30000000000000000003AB /* Frameworks */,
				AA30000000000000000004AB /* Products */,
			);
			sourceTree = "<group>";
		};
		AA30000000000000000002AB /* Sources */ = {
			isa = PBXGroup;
			children = (
				AA10000000000000000001AB /* main.swift */,
				AA10000000000000000002AB /* AppDelegate.swift */,
				AA10000000000000000003AB /* TrashMonitor.swift */,
				AA10000000000000000004AB /* AppFilesFinder.swift */,
				AA10000000000000000005AB /* CleanupWindowController.swift */,
				AA10000000000000000006AB /* PermissionsManager.swift */,
				AA10000000000000000007AB /* LoginItemManager.swift */,
				AA1000000000000000000BAB /* Assets.xcassets */,
				AA10000000000000000009AB /* Info.plist */,
				AA1000000000000000000AAB /* AppClaw.entitlements */,
			);
			name = Sources;
			sourceTree = "<group>";
		};
		AA30000000000000000003AB /* Frameworks */ = {
			isa = PBXGroup;
			children = (
				AA10000000000000000008AB /* ServiceManagement.framework */,
			);
			name = Frameworks;
			sourceTree = "<group>";
		};
		AA30000000000000000004AB /* Products */ = {
			isa = PBXGroup;
			children = (
				AA10000000000000000000AB /* AppClaw.app */,
			);
			name = Products;
			sourceTree = "<group>";
		};
/* End PBXGroup section */

/* Begin PBXNativeTarget section */
		AA40000000000000000001AB /* AppClaw */ = {
			isa = PBXNativeTarget;
			buildConfigurationList = AA50000000000000000001AB /* Build configuration list for PBXNativeTarget "AppClaw" */;
			buildPhases = (
				AA20000000000000000002AB /* Sources */,
				AA20000000000000000001AB /* Frameworks */,
				AA20000000000000000003AB /* Resources */,
			);
			buildRules = (
			);
			dependencies = (
			);
			name = AppClaw;
			productName = AppClaw;
			productReference = AA10000000000000000000AB /* AppClaw.app */;
			productType = "com.apple.product-type.application";
		};
/* End PBXNativeTarget section */

/* Begin PBXProject section */
		AA60000000000000000001AB /* Project object */ = {
			isa = PBXProject;
			attributes = {
				BuildIndependentTargetsInParallel = 1;
				LastSwiftUpdateCheck = 1500;
				LastUpgradeCheck = 2660;
				TargetAttributes = {
					AA40000000000000000001AB = {
						CreatedOnToolsVersion = 15.0;
					};
				};
			};
			buildConfigurationList = AA50000000000000000002AB /* Build configuration list for PBXProject "AppClaw" */;
			compatibilityVersion = "Xcode 14.0";
			developmentRegion = en;
			hasScannedForEncodings = 0;
			knownRegions = (
				en,
				Base,
			);
			mainGroup = AA30000000000000000001AB;
			projectDirPath = "";
			projectRoot = "";
			targets = (
				AA40000000000000000001AB /* AppClaw */,
			);
		};
/* End PBXProject section */

/* Begin PBXResourcesBuildPhase section */
		AA20000000000000000003AB /* Resources */ = {
			isa = PBXResourcesBuildPhase;
			buildActionMask = 2147483647;
			files = (
				AA1100000000000000000BAB /* Assets.xcassets in Resources */,
			);
			runOnlyForDeploymentPostprocessing = 0;
		};
/* End PBXResourcesBuildPhase section */

/* Begin PBXSourcesBuildPhase section */
		AA20000000000000000002AB /* Sources */ = {
			isa = PBXSourcesBuildPhase;
			buildActionMask = 2147483647;
			files = (
				AA11000000000000000001AB /* main.swift in Sources */,
				AA11000000000000000002AB /* AppDelegate.swift in Sources */,
				AA11000000000000000003AB /* TrashMonitor.swift in Sources */,
				AA11000000000000000004AB /* AppFilesFinder.swift in Sources */,
				AA11000000000000000005AB /* CleanupWindowController.swift in Sources */,
				AA11000000000000000006AB /* PermissionsManager.swift in Sources */,
				AA11000000000000000007AB /* LoginItemManager.swift in Sources */,
			);
			runOnlyForDeploymentPostprocessing = 0;
		};
/* End PBXSourcesBuildPhase section */

/* Begin XCBuildConfiguration section */
		AA70000000000000000001AB /* Debug */ = {
			isa = XCBuildConfiguration;
			buildSettings = {
				ALWAYS_SEARCH_USER_PATHS = NO;
				ASSETCATALOG_COMPILER_GENERATE_SWIFT_ASSET_SYMBOL_EXTENSIONS = YES;
				CLANG_ANALYZER_NONNULL = YES;
				CLANG_CXX_LANGUAGE_STANDARD = "gnu++20";
				CLANG_ENABLE_MODULES = YES;
				CLANG_ENABLE_OBJC_ARC = YES;
				CLANG_ENABLE_OBJC_WEAK = YES;
				CLANG_WARN_BLOCK_CAPTURE_AUTORELEASING = YES;
				CLANG_WARN_BOOL_CONVERSION = YES;
				CLANG_WARN_COMMA = YES;
				CLANG_WARN_CONSTANT_CONVERSION = YES;
				CLANG_WARN_DEPRECATED_OBJC_IMPLEMENTATIONS = YES;
				CLANG_WARN_DIRECT_OBJC_ISA_USAGE = YES_ERROR;
				CLANG_WARN_EMPTY_BODY = YES;
				CLANG_WARN_ENUM_CONVERSION = YES;
				CLANG_WARN_INFINITE_RECURSION = YES;
				CLANG_WARN_INT_CONVERSION = YES;
				CLANG_WARN_NON_LITERAL_NULL_CONVERSION = YES;
				CLANG_WARN_OBJC_IMPLICIT_RETAIN_SELF = YES;
				CLANG_WARN_OBJC_LITERAL_CONVERSION = YES;
				CLANG_WARN_OBJC_ROOT_CLASS = YES_ERROR;
				CLANG_WARN_QUOTED_INCLUDE_IN_FRAMEWORK_HEADER = YES;
				CLANG_WARN_RANGE_LOOP_ANALYSIS = YES;
				CLANG_WARN_STRICT_PROTOTYPES = YES;
				CLANG_WARN_SUSPICIOUS_MOVE = YES;
				CLANG_WARN_UNGUARDED_AVAILABILITY = YES_AGGRESSIVE;
				CLANG_WARN_UNREACHABLE_CODE = YES;
				CLANG_WARN__DUPLICATE_METHOD_MATCH = YES;
				COPY_PHASE_STRIP = NO;
				DEAD_CODE_STRIPPING = YES;
				DEBUG_INFORMATION_FORMAT = dwarf;
				DEVELOPMENT_TEAM = 6M29SQT8H7;
				ENABLE_STRICT_OBJC_MSGSEND = YES;
				ENABLE_TESTABILITY = YES;
				ENABLE_USER_SCRIPT_SANDBOXING = YES;
				GCC_C_LANGUAGE_STANDARD = gnu17;
				GCC_DYNAMIC_NO_PIC = NO;
				GCC_NO_COMMON_BLOCKS = YES;
				GCC_OPTIMIZATION_LEVEL = 0;
				GCC_PREPROCESSOR_DEFINITIONS = (
					"DEBUG=1",
					"$(inherited)",
				);
				GCC_WARN_64_TO_32_BIT_CONVERSION = YES;
				GCC_WARN_ABOUT_RETURN_TYPE = YES_ERROR;
				GCC_WARN_UNDECLARED_SELECTOR = YES;
				GCC_WARN_UNINITIALIZED_AUTOS = YES_AGGRESSIVE;
				GCC_WARN_UNUSED_FUNCTION = YES;
				GCC_WARN_UNUSED_VARIABLE = YES;
				MACOSX_DEPLOYMENT_TARGET = 13.0;
				MTL_ENABLE_DEBUG_INFO = INCLUDE_SOURCE;
				MTL_FAST_MATH = YES;
				ONLY_ACTIVE_ARCH = YES;
				SDKROOT = macosx;
				STRING_CATALOG_GENERATE_SYMBOLS = YES;
				SWIFT_ACTIVE_COMPILATION_CONDITIONS = "DEBUG $(inherited)";
				SWIFT_OPTIMIZATION_LEVEL = "-Onone";
			};
			name = Debug;
		};
		AA70000000000000000002AB /* Release */ = {
			isa = XCBuildConfiguration;
			buildSettings = {
				ALWAYS_SEARCH_USER_PATHS = NO;
				ASSETCATALOG_COMPILER_GENERATE_SWIFT_ASSET_SYMBOL_EXTENSIONS = YES;
				CLANG_ANALYZER_NONNULL = YES;
				CLANG_CXX_LANGUAGE_STANDARD = "gnu++20";
				CLANG_ENABLE_MODULES = YES;
				CLANG_ENABLE_OBJC_ARC = YES;
				CLANG_ENABLE_OBJC_WEAK = YES;
				CLANG_WARN_BLOCK_CAPTURE_AUTORELEASING = YES;
				CLANG_WARN_BOOL_CONVERSION = YES;
				CLANG_WARN_COMMA = YES;
				CLANG_WARN_CONSTANT_CONVERSION = YES;
				CLANG_WARN_DEPRECATED_OBJC_IMPLEMENTATIONS = YES;
				CLANG_WARN_DIRECT_OBJC_ISA_USAGE = YES_ERROR;
				CLANG_WARN_EMPTY_BODY = YES;
				CLANG_WARN_ENUM_CONVERSION = YES;
				CLANG_WARN_INFINITE_RECURSION = YES;
				CLANG_WARN_INT_CONVERSION = YES;
				CLANG_WARN_NON_LITERAL_NULL_CONVERSION = YES;
				CLANG_WARN_OBJC_IMPLICIT_RETAIN_SELF = YES;
				CLANG_WARN_OBJC_LITERAL_CONVERSION = YES;
				CLANG_WARN_OBJC_ROOT_CLASS = YES_ERROR;
				CLANG_WARN_QUOTED_INCLUDE_IN_FRAMEWORK_HEADER = YES;
				CLANG_WARN_RANGE_LOOP_ANALYSIS = YES;
				CLANG_WARN_STRICT_PROTOTYPES = YES;
				CLANG_WARN_SUSPICIOUS_MOVE = YES;
				CLANG_WARN_UNGUARDED_AVAILABILITY = YES_AGGRESSIVE;
				CLANG_WARN_UNREACHABLE_CODE = YES;
				CLANG_WARN__DUPLICATE_METHOD_MATCH = YES;
				COPY_PHASE_STRIP = NO;
				DEAD_CODE_STRIPPING = YES;
				DEBUG_INFORMATION_FORMAT = "dwarf-with-dsym";
				DEVELOPMENT_TEAM = 6M29SQT8H7;
				ENABLE_NS_ASSERTIONS = NO;
				ENABLE_STRICT_OBJC_MSGSEND = YES;
				ENABLE_USER_SCRIPT_SANDBOXING = YES;
				GCC_C_LANGUAGE_STANDARD = gnu17;
				GCC_NO_COMMON_BLOCKS = YES;
				GCC_WARN_64_TO_32_BIT_CONVERSION = YES;
				GCC_WARN_ABOUT_RETURN_TYPE = YES_ERROR;
				GCC_WARN_UNDECLARED_SELECTOR = YES;
				GCC_WARN_UNINITIALIZED_AUTOS = YES_AGGRESSIVE;
				GCC_WARN_UNUSED_FUNCTION = YES;
				GCC_WARN_UNUSED_VARIABLE = YES;
				MACOSX_DEPLOYMENT_TARGET = 13.0;
				MTL_FAST_MATH = YES;
				SDKROOT = macosx;
				STRING_CATALOG_GENERATE_SYMBOLS = YES;
				SWIFT_COMPILATION_MODE = wholemodule;
				SWIFT_OPTIMIZATION_LEVEL = "-O";
			};
			name = Release;
		};
		AA70000000000000000003AB /* Debug */ = {
			isa = XCBuildConfiguration;
			buildSettings = {
				ASSETCATALOG_COMPILER_APPICON_NAME = AppIcon;
				CODE_SIGN_ENTITLEMENTS = AppClaw.entitlements;
				CODE_SIGN_STYLE = Automatic;
				COMBINE_HIDPI_IMAGES = YES;
				CURRENT_PROJECT_VERSION = 1;
				DEAD_CODE_STRIPPING = YES;
				GENERATE_INFOPLIST_FILE = NO;
				INFOPLIST_FILE = Info.plist;
				LD_RUNPATH_SEARCH_PATHS = (
					"$(inherited)",
					"@executable_path/../Frameworks",
				);
				MACOSX_DEPLOYMENT_TARGET = 13.0;
				MARKETING_VERSION = 2.0;
				PRODUCT_BUNDLE_IDENTIFIER = com.appclaw.AppClaw;
				PRODUCT_NAME = AppClaw;
				SWIFT_EMIT_LOC_STRINGS = YES;
				SWIFT_VERSION = 5.0;
			};
			name = Debug;
		};
		AA70000000000000000004AB /* Release */ = {
			isa = XCBuildConfiguration;
			buildSettings = {
				ASSETCATALOG_COMPILER_APPICON_NAME = AppIcon;
				CODE_SIGN_ENTITLEMENTS = AppClaw.entitlements;
				CODE_SIGN_STYLE = Automatic;
				COMBINE_HIDPI_IMAGES = YES;
				CURRENT_PROJECT_VERSION = 1;
				DEAD_CODE_STRIPPING = YES;
				GENERATE_INFOPLIST_FILE = NO;
				INFOPLIST_FILE = Info.plist;
				LD_RUNPATH_SEARCH_PATHS = (
					"$(inherited)",
					"@executable_path/../Frameworks",
				);
				MACOSX_DEPLOYMENT_TARGET = 13.0;
				MARKETING_VERSION = 2.0;
				PRODUCT_BUNDLE_IDENTIFIER = com.appclaw.AppClaw;
				PRODUCT_NAME = AppClaw;
				SWIFT_EMIT_LOC_STRINGS = YES;
				SWIFT_VERSION = 5.0;
			};
			name = Release;
		};
/* End XCBuildConfiguration section */

/* Begin XCConfigurationList section */
		AA50000000000000000001AB /* Build configuration list for PBXNativeTarget "AppClaw" */ = {
			isa = XCConfigurationList;
			buildConfigurations = (
				AA70000000000000000003AB /* Debug */,
				AA70000000000000000004AB /* Release */,
			);
			defaultConfigurationIsVisible = 0;
			defaultConfigurationName = Release;
		};
		AA50000000000000000002AB /* Build configuration list for PBXProject "AppClaw" */ = {
			isa = XCConfigurationList;
			buildConfigurations = (
				AA70000000000000000001AB /* Debug */,
				AA70000000000000000002AB /* Release */,
			);
			defaultConfigurationIsVisible = 0;
			defaultConfigurationName = Release;
		};
/* End XCConfigurationList section */
	};
	rootObject = AA60000000000000000001AB /* Project object */;
}
